
Microsoft Visual Studio Solution File, Format Version 12.00
# Visual Studio 14
VisualStudioVersion = 14.0.25123.0
MinimumVisualStudioVersion = 10.0.40219.1
Project("{FAE04EC0-301F-11D3-BF4B-00C04F79EFBC}") = "Demos.IoT.DeviceRegistration", "Demos.IoT.DeviceRegistration\Demos.IoT.DeviceRegistration.csproj", "{C49B8F65-071A-4A7B-98CE-A1B78C9FA881}"
EndProject
Project("{2150E333-8FDC-42A3-9474-1A3956D46DE8}") = "PowerShell", "PowerShell", "{7FE1B59B-A677-4802-8A7C-7975B39AC050}"
	ProjectSection(SolutionItems) = preProject
		Powershell\CreateIoTHub.ps1 = Powershell\CreateIoTHub.ps1
		Powershell\IoTHub.json = Powershell\IoTHub.json
	EndProjectSection
EndProject
Project("{FAE04EC0-301F-11D3-BF4B-00C04F79EFBC}") = "Demos.IoT.WebJobs.DataSimulator", "Demos.IoT.DataSimulator\Demos.IoT.WebJobs.DataSimulator.csproj", "{AD883D4D-1201-4C99-A197-7C7E3B3E61DC}"
EndProject
Project("{2150E333-8FDC-42A3-9474-1A3956D46DE8}") = "PublishScripts", "PublishScripts", "{B5BD5F9E-FBF5-475C-94AC-8BDAB0A31591}"
EndProject
Project("{2150E333-8FDC-42A3-9474-1A3956D46DE8}") = "Scripts", "Scripts", "{6C7B0973-25B8-44C1-8304-07C3C51DA1A4}"
	ProjectSection(SolutionItems) = preProject
		PublishScripts\Scripts\Deploy-AzureResourceGroup.ps1 = PublishScripts\Scripts\Deploy-AzureResourceGroup.ps1
	EndProjectSection
EndProject
Project("{2150E333-8FDC-42A3-9474-1A3956D46DE8}") = "Templates", "Templates", "{6551E48A-2A1F-4525-99B0-F7D6E10E9C64}"
	ProjectSection(SolutionItems) = preProject
		PublishScripts\Templates\DemosIoTWebDashboard.json = PublishScripts\Templates\DemosIoTWebDashboard.json
		PublishScripts\Templates\DemosIoTWebDashboard.param.dev.json = PublishScripts\Templates\DemosIoTWebDashboard.param.dev.json
	EndProjectSection
EndProject
Project("{FAE04EC0-301F-11D3-BF4B-00C04F79EFBC}") = "Demos.IoT.Webjobs.EventReceiver", "Demos.IoT.Webjobs\Demos.IoT.Webjobs.EventReceiver.csproj", "{9F54F22A-D7C8-49D8-9D35-4DDDEEFA33C6}"
EndProject
Project("{FAE04EC0-301F-11D3-BF4B-00C04F79EFBC}") = "Demos.IoT.Web", "Demos.IoT.Web\Demos.IoT.Web.csproj", "{9376323A-52A2-42D0-BFCD-F007B361B9AB}"
EndProject
Project("{2150E333-8FDC-42A3-9474-1A3956D46DE8}") = "WebJobs", "WebJobs", "{754FF381-5AD4-43DA-BE37-4E6034D10CF5}"
EndProject
Project("{2150E333-8FDC-42A3-9474-1A3956D46DE8}") = "Setup", "Setup", "{1DB8B99F-1386-4D7E-AF43-E61EBB940E5F}"
EndProject
Project("{FAE04EC0-301F-11D3-BF4B-00C04F79EFBC}") = "Demos.IoT.Common", "Demos.IoT.Common\Demos.IoT.Common.csproj", "{458296FD-C5FF-4AE9-A44A-6CE6CBB86561}"
EndProject
Project("{2150E333-8FDC-42A3-9474-1A3956D46DE8}") = "ReferenceData", "ReferenceData", "{1DF9ADDE-43E2-4A3F-B1FD-95BAB164E53C}"
	ProjectSection(SolutionItems) = preProject
		ReferenceData\devices.json = ReferenceData\devices.json
		SA1.sql = SA1.sql
		SA2.sql = SA2.sql
	EndProjectSection
EndProject
Project("{9092AA53-FB77-4645-B42D-1CCCA6BD08BD}") = "Demos.IoT.Node", "Demos.IoT.Node\Demos.IoT.Node.njsproj", "{BA0E26D5-7558-449D-A4AA-EFFFB1592242}"
EndProject
Project("{FAE04EC0-301F-11D3-BF4B-00C04F79EFBC}") = "Demos.IoT.Setup", "Demos.IoT.Setup\Demos.IoT.Setup.csproj", "{A870F8C1-09A4-4962-A227-A7E926CE7287}"
EndProject
Project("{FAE04EC0-301F-11D3-BF4B-00C04F79EFBC}") = "Demos.IoT.Test", "Demos.IoT.Test\Demos.IoT.Test.csproj", "{7594F818-F737-4F2D-A308-75954B3C5627}"
EndProject
Global
	GlobalSection(SolutionConfigurationPlatforms) = preSolution
		AppStore|Any CPU = AppStore|Any CPU
		AppStore|ARM = AppStore|ARM
		AppStore|iPhone = AppStore|iPhone
		AppStore|iPhoneSimulator = AppStore|iPhoneSimulator
		AppStore|x64 = AppStore|x64
		AppStore|x86 = AppStore|x86
		Debug|Any CPU = Debug|Any CPU
		Debug|ARM = Debug|ARM
		Debug|iPhone = Debug|iPhone
		Debug|iPhoneSimulator = Debug|iPhoneSimulator
		Debug|x64 = Debug|x64
		Debug|x86 = Debug|x86
		Release|Any CPU = Release|Any CPU
		Release|ARM = Release|ARM
		Release|iPhone = Release|iPhone
		Release|iPhoneSimulator = Release|iPhoneSimulator
		Release|x64 = Release|x64
		Release|x86 = Release|x86
	EndGlobalSection
	GlobalSection(ProjectConfigurationPlatforms) = postSolution
		{C49B8F65-071A-4A7B-98CE-A1B78C9FA881}.AppStore|Any CPU.ActiveCfg = Release|Any CPU
		{C49B8F65-071A-4A7B-98CE-A1B78C9FA881}.AppStore|Any CPU.Build.0 = Release|Any CPU
		{C49B8F65-071A-4A7B-98CE-A1B78C9FA881}.AppStore|ARM.ActiveCfg = Release|Any CPU
		{C49B8F65-071A-4A7B-98CE-A1B78C9FA881}.AppStore|ARM.Build.0 = Release|Any CPU
		{C49B8F65-071A-4A7B-98CE-A1B78C9FA881}.AppStore|iPhone.ActiveCfg = Release|Any CPU
		{C49B8F65-071A-4A7B-98CE-A1B78C9FA881}.AppStore|iPhone.Build.0 = Release|Any CPU
		{C49B8F65-071A-4A7B-98CE-A1B78C9FA881}.AppStore|iPhoneSimulator.ActiveCfg = Release|Any CPU
		{C49B8F65-071A-4A7B-98CE-A1B78C9FA881}.AppStore|iPhoneSimulator.Build.0 = Release|Any CPU
		{C49B8F65-071A-4A7B-98CE-A1B78C9FA881}.AppStore|x64.ActiveCfg = Release|Any CPU
		{C49B8F65-071A-4A7B-98CE-A1B78C9FA881}.AppStore|x64.Build.0 = Release|Any CPU
		{C49B8F65-071A-4A7B-98CE-A1B78C9FA881}.AppStore|x86.ActiveCfg = Release|Any CPU
		{C49B8F65-071A-4A7B-98CE-A1B78C9FA881}.AppStore|x86.Build.0 = Release|Any CPU
		{C49B8F65-071A-4A7B-98CE-A1B78C9FA881}.Debug|Any CPU.ActiveCfg = Debug|Any CPU
		{C49B8F65-071A-4A7B-98CE-A1B78C9FA881}.Debug|Any CPU.Build.0 = Debug|Any CPU
		{C49B8F65-071A-4A7B-98CE-A1B78C9FA881}.Debug|ARM.ActiveCfg = Debug|Any CPU
		{C49B8F65-071A-4A7B-98CE-A1B78C9FA881}.Debug|ARM.Build.0 = Debug|Any CPU
		{C49B8F65-071A-4A7B-98CE-A1B78C9FA881}.Debug|iPhone.ActiveCfg = Debug|Any CPU
		{C49B8F65-071A-4A7B-98CE-A1B78C9FA881}.Debug|iPhone.Build.0 = Debug|Any CPU
		{C49B8F65-071A-4A7B-98CE-A1B78C9FA881}.Debug|iPhoneSimulator.ActiveCfg = Debug|Any CPU
		{C49B8F65-071A-4A7B-98CE-A1B78C9FA881}.Debug|iPhoneSimulator.Build.0 = Debug|Any CPU
		{C49B8F65-071A-4A7B-98CE-A1B78C9FA881}.Debug|x64.ActiveCfg = Debug|Any CPU
		{C49B8F65-071A-4A7B-98CE-A1B78C9FA881}.Debug|x64.Build.0 = Debug|Any CPU
		{C49B8F65-071A-4A7B-98CE-A1B78C9FA881}.Debug|x86.ActiveCfg = Debug|Any CPU
		{C49B8F65-071A-4A7B-98CE-A1B78C9FA881}.Debug|x86.Build.0 = Debug|Any CPU
		{C49B8F65-071A-4A7B-98CE-A1B78C9FA881}.Release|Any CPU.ActiveCfg = Release|Any CPU
		{C49B8F65-071A-4A7B-98CE-A1B78C9FA881}.Release|Any CPU.Build.0 = Release|Any CPU
		{C49B8F65-071A-4A7B-98CE-A1B78C9FA881}.Release|ARM.ActiveCfg = Release|Any CPU
		{C49B8F65-071A-4A7B-98CE-A1B78C9FA881}.Release|ARM.Build.0 = Release|Any CPU
		{C49B8F65-071A-4A7B-98CE-A1B78C9FA881}.Release|iPhone.ActiveCfg = Release|Any CPU
		{C49B8F65-071A-4A7B-98CE-A1B78C9FA881}.Release|iPhone.Build.0 = Release|Any CPU
		{C49B8F65-071A-4A7B-98CE-A1B78C9FA881}.Release|iPhoneSimulator.ActiveCfg = Release|Any CPU
		{C49B8F65-071A-4A7B-98CE-A1B78C9FA881}.Release|iPhoneSimulator.Build.0 = Release|Any CPU
		{C49B8F65-071A-4A7B-98CE-A1B78C9FA881}.Release|x64.ActiveCfg = Release|Any CPU
		{C49B8F65-071A-4A7B-98CE-A1B78C9FA881}.Release|x64.Build.0 = Release|Any CPU
		{C49B8F65-071A-4A7B-98CE-A1B78C9FA881}.Release|x86.ActiveCfg = Release|Any CPU
		{C49B8F65-071A-4A7B-98CE-A1B78C9FA881}.Release|x86.Build.0 = Release|Any CPU
		{AD883D4D-1201-4C99-A197-7C7E3B3E61DC}.AppStore|Any CPU.ActiveCfg = Release|Any CPU
		{AD883D4D-1201-4C99-A197-7C7E3B3E61DC}.AppStore|Any CPU.Build.0 = Release|Any CPU
		{AD883D4D-1201-4C99-A197-7C7E3B3E61DC}.AppStore|ARM.ActiveCfg = Release|Any CPU
		{AD883D4D-1201-4C99-A197-7C7E3B3E61DC}.AppStore|ARM.Build.0 = Release|Any CPU
		{AD883D4D-1201-4C99-A197-7C7E3B3E61DC}.AppStore|iPhone.ActiveCfg = Release|Any CPU
		{AD883D4D-1201-4C99-A197-7C7E3B3E61DC}.AppStore|iPhone.Build.0 = Release|Any CPU
		{AD883D4D-1201-4C99-A197-7C7E3B3E61DC}.AppStore|iPhoneSimulator.ActiveCfg = Release|Any CPU
		{AD883D4D-1201-4C99-A197-7C7E3B3E61DC}.AppStore|iPhoneSimulator.Build.0 = Release|Any CPU
		{AD883D4D-1201-4C99-A197-7C7E3B3E61DC}.AppStore|x64.ActiveCfg = Release|Any CPU
		{AD883D4D-1201-4C99-A197-7C7E3B3E61DC}.AppStore|x64.Build.0 = Release|Any CPU
		{AD883D4D-1201-4C99-A197-7C7E3B3E61DC}.AppStore|x86.ActiveCfg = Release|Any CPU
		{AD883D4D-1201-4C99-A197-7C7E3B3E61DC}.AppStore|x86.Build.0 = Release|Any CPU
		{AD883D4D-1201-4C99-A197-7C7E3B3E61DC}.Debug|Any CPU.ActiveCfg = Debug|Any CPU
		{AD883D4D-1201-4C99-A197-7C7E3B3E61DC}.Debug|Any CPU.Build.0 = Debug|Any CPU
		{AD883D4D-1201-4C99-A197-7C7E3B3E61DC}.Debug|ARM.ActiveCfg = Debug|Any CPU
		{AD883D4D-1201-4C99-A197-7C7E3B3E61DC}.Debug|ARM.Build.0 = Debug|Any CPU
		{AD883D4D-1201-4C99-A197-7C7E3B3E61DC}.Debug|iPhone.ActiveCfg = Debug|Any CPU
		{AD883D4D-1201-4C99-A197-7C7E3B3E61DC}.Debug|iPhone.Build.0 = Debug|Any CPU
		{AD883D4D-1201-4C99-A197-7C7E3B3E61DC}.Debug|iPhoneSimulator.ActiveCfg = Debug|Any CPU
		{AD883D4D-1201-4C99-A197-7C7E3B3E61DC}.Debug|iPhoneSimulator.Build.0 = Debug|Any CPU
		{AD883D4D-1201-4C99-A197-7C7E3B3E61DC}.Debug|x64.ActiveCfg = Debug|Any CPU
		{AD883D4D-1201-4C99-A197-7C7E3B3E61DC}.Debug|x64.Build.0 = Debug|Any CPU
		{AD883D4D-1201-4C99-A197-7C7E3B3E61DC}.Debug|x86.ActiveCfg = Debug|Any CPU
		{AD883D4D-1201-4C99-A197-7C7E3B3E61DC}.Debug|x86.Build.0 = Debug|Any CPU
		{AD883D4D-1201-4C99-A197-7C7E3B3E61DC}.Release|Any CPU.ActiveCfg = Release|Any CPU
		{AD883D4D-1201-4C99-A197-7C7E3B3E61DC}.Release|Any CPU.Build.0 = Release|Any CPU
		{AD883D4D-1201-4C99-A197-7C7E3B3E61DC}.Release|ARM.ActiveCfg = Release|Any CPU
		{AD883D4D-1201-4C99-A197-7C7E3B3E61DC}.Release|ARM.Build.0 = Release|Any CPU
		{AD883D4D-1201-4C99-A197-7C7E3B3E61DC}.Release|iPhone.ActiveCfg = Release|Any CPU
		{AD883D4D-1201-4C99-A197-7C7E3B3E61DC}.Release|iPhone.Build.0 = Release|Any CPU
		{AD883D4D-1201-4C99-A197-7C7E3B3E61DC}.Release|iPhoneSimulator.ActiveCfg = Release|Any CPU
		{AD883D4D-1201-4C99-A197-7C7E3B3E61DC}.Release|iPhoneSimulator.Build.0 = Release|Any CPU
		{AD883D4D-1201-4C99-A197-7C7E3B3E61DC}.Release|x64.ActiveCfg = Release|Any CPU
		{AD883D4D-1201-4C99-A197-7C7E3B3E61DC}.Release|x64.Build.0 = Release|Any CPU
		{AD883D4D-1201-4C99-A197-7C7E3B3E61DC}.Release|x86.ActiveCfg = Release|Any CPU
		{AD883D4D-1201-4C99-A197-7C7E3B3E61DC}.Release|x86.Build.0 = Release|Any CPU
		{9F54F22A-D7C8-49D8-9D35-4DDDEEFA33C6}.AppStore|Any CPU.ActiveCfg = Release|Any CPU
		{9F54F22A-D7C8-49D8-9D35-4DDDEEFA33C6}.AppStore|Any CPU.Build.0 = Release|Any CPU
		{9F54F22A-D7C8-49D8-9D35-4DDDEEFA33C6}.AppStore|ARM.ActiveCfg = Release|Any CPU
		{9F54F22A-D7C8-49D8-9D35-4DDDEEFA33C6}.AppStore|ARM.Build.0 = Release|Any CPU
		{9F54F22A-D7C8-49D8-9D35-4DDDEEFA33C6}.AppStore|iPhone.ActiveCfg = Release|Any CPU
		{9F54F22A-D7C8-49D8-9D35-4DDDEEFA33C6}.AppStore|iPhone.Build.0 = Release|Any CPU
		{9F54F22A-D7C8-49D8-9D35-4DDDEEFA33C6}.AppStore|iPhoneSimulator.ActiveCfg = Release|Any CPU
		{9F54F22A-D7C8-49D8-9D35-4DDDEEFA33C6}.AppStore|iPhoneSimulator.Build.0 = Release|Any CPU
		{9F54F22A-D7C8-49D8-9D35-4DDDEEFA33C6}.AppStore|x64.ActiveCfg = Release|Any CPU
		{9F54F22A-D7C8-49D8-9D35-4DDDEEFA33C6}.AppStore|x64.Build.0 = Release|Any CPU
		{9F54F22A-D7C8-49D8-9D35-4DDDEEFA33C6}.AppStore|x86.ActiveCfg = Release|Any CPU
		{9F54F22A-D7C8-49D8-9D35-4DDDEEFA33C6}.AppStore|x86.Build.0 = Release|Any CPU
		{9F54F22A-D7C8-49D8-9D35-4DDDEEFA33C6}.Debug|Any CPU.ActiveCfg = Debug|Any CPU
		{9F54F22A-D7C8-49D8-9D35-4DDDEEFA33C6}.Debug|Any CPU.Build.0 = Debug|Any CPU
		{9F54F22A-D7C8-49D8-9D35-4DDDEEFA33C6}.Debug|ARM.ActiveCfg = Debug|Any CPU
		{9F54F22A-D7C8-49D8-9D35-4DDDEEFA33C6}.Debug|ARM.Build.0 = Debug|Any CPU
		{9F54F22A-D7C8-49D8-9D35-4DDDEEFA33C6}.Debug|iPhone.ActiveCfg = Debug|Any CPU
		{9F54F22A-D7C8-49D8-9D35-4DDDEEFA33C6}.Debug|iPhone.Build.0 = Debug|Any CPU
		{9F54F22A-D7C8-49D8-9D35-4DDDEEFA33C6}.Debug|iPhoneSimulator.ActiveCfg = Debug|Any CPU
		{9F54F22A-D7C8-49D8-9D35-4DDDEEFA33C6}.Debug|iPhoneSimulator.Build.0 = Debug|Any CPU
		{9F54F22A-D7C8-49D8-9D35-4DDDEEFA33C6}.Debug|x64.ActiveCfg = Debug|Any CPU
		{9F54F22A-D7C8-49D8-9D35-4DDDEEFA33C6}.Debug|x64.Build.0 = Debug|Any CPU
		{9F54F22A-D7C8-49D8-9D35-4DDDEEFA33C6}.Debug|x86.ActiveCfg = Debug|Any CPU
		{9F54F22A-D7C8-49D8-9D35-4DDDEEFA33C6}.Debug|x86.Build.0 = Debug|Any CPU
		{9F54F22A-D7C8-49D8-9D35-4DDDEEFA33C6}.Release|Any CPU.ActiveCfg = Release|Any CPU
		{9F54F22A-D7C8-49D8-9D35-4DDDEEFA33C6}.Release|Any CPU.Build.0 = Release|Any CPU
		{9F54F22A-D7C8-49D8-9D35-4DDDEEFA33C6}.Release|ARM.ActiveCfg = Release|Any CPU
		{9F54F22A-D7C8-49D8-9D35-4DDDEEFA33C6}.Release|ARM.Build.0 = Release|Any CPU
		{9F54F22A-D7C8-49D8-9D35-4DDDEEFA33C6}.Release|iPhone.ActiveCfg = Release|Any CPU
		{9F54F22A-D7C8-49D8-9D35-4DDDEEFA33C6}.Release|iPhone.Build.0 = Release|Any CPU
		{9F54F22A-D7C8-49D8-9D35-4DDDEEFA33C6}.Release|iPhoneSimulator.ActiveCfg = Release|Any CPU
		{9F54F22A-D7C8-49D8-9D35-4DDDEEFA33C6}.Release|iPhoneSimulator.Build.0 = Release|Any CPU
		{9F54F22A-D7C8-49D8-9D35-4DDDEEFA33C6}.Release|x64.ActiveCfg = Release|Any CPU
		{9F54F22A-D7C8-49D8-9D35-4DDDEEFA33C6}.Release|x64.Build.0 = Release|Any CPU
		{9F54F22A-D7C8-49D8-9D35-4DDDEEFA33C6}.Release|x86.ActiveCfg = Release|Any CPU
		{9F54F22A-D7C8-49D8-9D35-4DDDEEFA33C6}.Release|x86.Build.0 = Release|Any CPU
		{9376323A-52A2-42D0-BFCD-F007B361B9AB}.AppStore|Any CPU.ActiveCfg = Release|Any CPU
		{9376323A-52A2-42D0-BFCD-F007B361B9AB}.AppStore|Any CPU.Build.0 = Release|Any CPU
		{9376323A-52A2-42D0-BFCD-F007B361B9AB}.AppStore|ARM.ActiveCfg = Release|Any CPU
		{9376323A-52A2-42D0-BFCD-F007B361B9AB}.AppStore|ARM.Build.0 = Release|Any CPU
		{9376323A-52A2-42D0-BFCD-F007B361B9AB}.AppStore|iPhone.ActiveCfg = Release|Any CPU
		{9376323A-52A2-42D0-BFCD-F007B361B9AB}.AppStore|iPhone.Build.0 = Release|Any CPU
		{9376323A-52A2-42D0-BFCD-F007B361B9AB}.AppStore|iPhoneSimulator.ActiveCfg = Release|Any CPU
		{9376323A-52A2-42D0-BFCD-F007B361B9AB}.AppStore|iPhoneSimulator.Build.0 = Release|Any CPU
		{9376323A-52A2-42D0-BFCD-F007B361B9AB}.AppStore|x64.ActiveCfg = Release|Any CPU
		{9376323A-52A2-42D0-BFCD-F007B361B9AB}.AppStore|x64.Build.0 = Release|Any CPU
		{9376323A-52A2-42D0-BFCD-F007B361B9AB}.AppStore|x86.ActiveCfg = Release|Any CPU
		{9376323A-52A2-42D0-BFCD-F007B361B9AB}.AppStore|x86.Build.0 = Release|Any CPU
		{9376323A-52A2-42D0-BFCD-F007B361B9AB}.Debug|Any CPU.ActiveCfg = Debug|Any CPU
		{9376323A-52A2-42D0-BFCD-F007B361B9AB}.Debug|Any CPU.Build.0 = Debug|Any CPU
		{9376323A-52A2-42D0-BFCD-F007B361B9AB}.Debug|ARM.ActiveCfg = Debug|Any CPU
		{9376323A-52A2-42D0-BFCD-F007B361B9AB}.Debug|ARM.Build.0 = Debug|Any CPU
		{9376323A-52A2-42D0-BFCD-F007B361B9AB}.Debug|iPhone.ActiveCfg = Debug|Any CPU
		{9376323A-52A2-42D0-BFCD-F007B361B9AB}.Debug|iPhone.Build.0 = Debug|Any CPU
		{9376323A-52A2-42D0-BFCD-F007B361B9AB}.Debug|iPhoneSimulator.ActiveCfg = Debug|Any CPU
		{9376323A-52A2-42D0-BFCD-F007B361B9AB}.Debug|iPhoneSimulator.Build.0 = Debug|Any CPU
		{9376323A-52A2-42D0-BFCD-F007B361B9AB}.Debug|x64.ActiveCfg = Debug|Any CPU
		{9376323A-52A2-42D0-BFCD-F007B361B9AB}.Debug|x64.Build.0 = Debug|Any CPU
		{9376323A-52A2-42D0-BFCD-F007B361B9AB}.Debug|x86.ActiveCfg = Debug|Any CPU
		{9376323A-52A2-42D0-BFCD-F007B361B9AB}.Debug|x86.Build.0 = Debug|Any CPU
		{9376323A-52A2-42D0-BFCD-F007B361B9AB}.Release|Any CPU.ActiveCfg = Release|Any CPU
		{9376323A-52A2-42D0-BFCD-F007B361B9AB}.Release|Any CPU.Build.0 = Release|Any CPU
		{9376323A-52A2-42D0-BFCD-F007B361B9AB}.Release|ARM.ActiveCfg = Release|Any CPU
		{9376323A-52A2-42D0-BFCD-F007B361B9AB}.Release|ARM.Build.0 = Release|Any CPU
		{9376323A-52A2-42D0-BFCD-F007B361B9AB}.Release|iPhone.ActiveCfg = Release|Any CPU
		{9376323A-52A2-42D0-BFCD-F007B361B9AB}.Release|iPhone.Build.0 = Release|Any CPU
		{9376323A-52A2-42D0-BFCD-F007B361B9AB}.Release|iPhoneSimulator.ActiveCfg = Release|Any CPU
		{9376323A-52A2-42D0-BFCD-F007B361B9AB}.Release|iPhoneSimulator.Build.0 = Release|Any CPU
		{9376323A-52A2-42D0-BFCD-F007B361B9AB}.Release|x64.ActiveCfg = Release|Any CPU
		{9376323A-52A2-42D0-BFCD-F007B361B9AB}.Release|x64.Build.0 = Release|Any CPU
		{9376323A-52A2-42D0-BFCD-F007B361B9AB}.Release|x86.ActiveCfg = Release|Any CPU
		{9376323A-52A2-42D0-BFCD-F007B361B9AB}.Release|x86.Build.0 = Release|Any CPU
		{458296FD-C5FF-4AE9-A44A-6CE6CBB86561}.AppStore|Any CPU.ActiveCfg = Release|Any CPU
		{458296FD-C5FF-4AE9-A44A-6CE6CBB86561}.AppStore|Any CPU.Build.0 = Release|Any CPU
		{458296FD-C5FF-4AE9-A44A-6CE6CBB86561}.AppStore|ARM.ActiveCfg = Release|Any CPU
		{458296FD-C5FF-4AE9-A44A-6CE6CBB86561}.AppStore|ARM.Build.0 = Release|Any CPU
		{458296FD-C5FF-4AE9-A44A-6CE6CBB86561}.AppStore|iPhone.ActiveCfg = Release|Any CPU
		{458296FD-C5FF-4AE9-A44A-6CE6CBB86561}.AppStore|iPhone.Build.0 = Release|Any CPU
		{458296FD-C5FF-4AE9-A44A-6CE6CBB86561}.AppStore|iPhoneSimulator.ActiveCfg = Release|Any CPU
		{458296FD-C5FF-4AE9-A44A-6CE6CBB86561}.AppStore|iPhoneSimulator.Build.0 = Release|Any CPU
		{458296FD-C5FF-4AE9-A44A-6CE6CBB86561}.AppStore|x64.ActiveCfg = Release|Any CPU
		{458296FD-C5FF-4AE9-A44A-6CE6CBB86561}.AppStore|x64.Build.0 = Release|Any CPU
		{458296FD-C5FF-4AE9-A44A-6CE6CBB86561}.AppStore|x86.ActiveCfg = Release|Any CPU
		{458296FD-C5FF-4AE9-A44A-6CE6CBB86561}.AppStore|x86.Build.0 = Release|Any CPU
		{458296FD-C5FF-4AE9-A44A-6CE6CBB86561}.Debug|Any CPU.ActiveCfg = Debug|Any CPU
		{458296FD-C5FF-4AE9-A44A-6CE6CBB86561}.Debug|Any CPU.Build.0 = Debug|Any CPU
		{458296FD-C5FF-4AE9-A44A-6CE6CBB86561}.Debug|ARM.ActiveCfg = Debug|Any CPU
		{458296FD-C5FF-4AE9-A44A-6CE6CBB86561}.Debug|ARM.Build.0 = Debug|Any CPU
		{458296FD-C5FF-4AE9-A44A-6CE6CBB86561}.Debug|iPhone.ActiveCfg = Debug|Any CPU
		{458296FD-C5FF-4AE9-A44A-6CE6CBB86561}.Debug|iPhone.Build.0 = Debug|Any CPU
		{458296FD-C5FF-4AE9-A44A-6CE6CBB86561}.Debug|iPhoneSimulator.ActiveCfg = Debug|Any CPU
		{458296FD-C5FF-4AE9-A44A-6CE6CBB86561}.Debug|iPhoneSimulator.Build.0 = Debug|Any CPU
		{458296FD-C5FF-4AE9-A44A-6CE6CBB86561}.Debug|x64.ActiveCfg = Debug|Any CPU
		{458296FD-C5FF-4AE9-A44A-6CE6CBB86561}.Debug|x64.Build.0 = Debug|Any CPU
		{458296FD-C5FF-4AE9-A44A-6CE6CBB86561}.Debug|x86.ActiveCfg = Debug|Any CPU
		{458296FD-C5FF-4AE9-A44A-6CE6CBB86561}.Debug|x86.Build.0 = Debug|Any CPU
		{458296FD-C5FF-4AE9-A44A-6CE6CBB86561}.Release|Any CPU.ActiveCfg = Release|Any CPU
		{458296FD-C5FF-4AE9-A44A-6CE6CBB86561}.Release|Any CPU.Build.0 = Release|Any CPU
		{458296FD-C5FF-4AE9-A44A-6CE6CBB86561}.Release|ARM.ActiveCfg = Release|Any CPU
		{458296FD-C5FF-4AE9-A44A-6CE6CBB86561}.Release|ARM.Build.0 = Release|Any CPU
		{458296FD-C5FF-4AE9-A44A-6CE6CBB86561}.Release|iPhone.ActiveCfg = Release|Any CPU
		{458296FD-C5FF-4AE9-A44A-6CE6CBB86561}.Release|iPhone.Build.0 = Release|Any CPU
		{458296FD-C5FF-4AE9-A44A-6CE6CBB86561}.Release|iPhoneSimulator.ActiveCfg = Release|Any CPU
		{458296FD-C5FF-4AE9-A44A-6CE6CBB86561}.Release|iPhoneSimulator.Build.0 = Release|Any CPU
		{458296FD-C5FF-4AE9-A44A-6CE6CBB86561}.Release|x64.ActiveCfg = Release|Any CPU
		{458296FD-C5FF-4AE9-A44A-6CE6CBB86561}.Release|x64.Build.0 = Release|Any CPU
		{458296FD-C5FF-4AE9-A44A-6CE6CBB86561}.Release|x86.ActiveCfg = Release|Any CPU
		{458296FD-C5FF-4AE9-A44A-6CE6CBB86561}.Release|x86.Build.0 = Release|Any CPU
		{BA0E26D5-7558-449D-A4AA-EFFFB1592242}.AppStore|Any CPU.ActiveCfg = Release|Any CPU
		{BA0E26D5-7558-449D-A4AA-EFFFB1592242}.AppStore|Any CPU.Build.0 = Release|Any CPU
		{BA0E26D5-7558-449D-A4AA-EFFFB1592242}.AppStore|ARM.ActiveCfg = Release|Any CPU
		{BA0E26D5-7558-449D-A4AA-EFFFB1592242}.AppStore|ARM.Build.0 = Release|Any CPU
		{BA0E26D5-7558-449D-A4AA-EFFFB1592242}.AppStore|iPhone.ActiveCfg = Release|Any CPU
		{BA0E26D5-7558-449D-A4AA-EFFFB1592242}.AppStore|iPhone.Build.0 = Release|Any CPU
		{BA0E26D5-7558-449D-A4AA-EFFFB1592242}.AppStore|iPhoneSimulator.ActiveCfg = Release|Any CPU
		{BA0E26D5-7558-449D-A4AA-EFFFB1592242}.AppStore|iPhoneSimulator.Build.0 = Release|Any CPU
		{BA0E26D5-7558-449D-A4AA-EFFFB1592242}.AppStore|x64.ActiveCfg = Release|Any CPU
		{BA0E26D5-7558-449D-A4AA-EFFFB1592242}.AppStore|x64.Build.0 = Release|Any CPU
		{BA0E26D5-7558-449D-A4AA-EFFFB1592242}.AppStore|x86.ActiveCfg = Release|Any CPU
		{BA0E26D5-7558-449D-A4AA-EFFFB1592242}.AppStore|x86.Build.0 = Release|Any CPU
		{BA0E26D5-7558-449D-A4AA-EFFFB1592242}.Debug|Any CPU.ActiveCfg = Debug|Any CPU
		{BA0E26D5-7558-449D-A4AA-EFFFB1592242}.Debug|Any CPU.Build.0 = Debug|Any CPU
		{BA0E26D5-7558-449D-A4AA-EFFFB1592242}.Debug|ARM.ActiveCfg = Debug|Any CPU
		{BA0E26D5-7558-449D-A4AA-EFFFB1592242}.Debug|ARM.Build.0 = Debug|Any CPU
		{BA0E26D5-7558-449D-A4AA-EFFFB1592242}.Debug|iPhone.ActiveCfg = Debug|Any CPU
		{BA0E26D5-7558-449D-A4AA-EFFFB1592242}.Debug|iPhone.Build.0 = Debug|Any CPU
		{BA0E26D5-7558-449D-A4AA-EFFFB1592242}.Debug|iPhoneSimulator.ActiveCfg = Debug|Any CPU
		{BA0E26D5-7558-449D-A4AA-EFFFB1592242}.Debug|iPhoneSimulator.Build.0 = Debug|Any CPU
		{BA0E26D5-7558-449D-A4AA-EFFFB1592242}.Debug|x64.ActiveCfg = Debug|Any CPU
		{BA0E26D5-7558-449D-A4AA-EFFFB1592242}.Debug|x64.Build.0 = Debug|Any CPU
		{BA0E26D5-7558-449D-A4AA-EFFFB1592242}.Debug|x86.ActiveCfg = Debug|Any CPU
		{BA0E26D5-7558-449D-A4AA-EFFFB1592242}.Debug|x86.Build.0 = Debug|Any CPU
		{BA0E26D5-7558-449D-A4AA-EFFFB1592242}.Release|Any CPU.ActiveCfg = Release|Any CPU
		{BA0E26D5-7558-449D-A4AA-EFFFB1592242}.Release|Any CPU.Build.0 = Release|Any CPU
		{BA0E26D5-7558-449D-A4AA-EFFFB1592242}.Release|ARM.ActiveCfg = Release|Any CPU
		{BA0E26D5-7558-449D-A4AA-EFFFB1592242}.Release|ARM.Build.0 = Release|Any CPU
		{BA0E26D5-7558-449D-A4AA-EFFFB1592242}.Release|iPhone.ActiveCfg = Release|Any CPU
		{BA0E26D5-7558-449D-A4AA-EFFFB1592242}.Release|iPhone.Build.0 = Release|Any CPU
		{BA0E26D5-7558-449D-A4AA-EFFFB1592242}.Release|iPhoneSimulator.ActiveCfg = Release|Any CPU
		{BA0E26D5-7558-449D-A4AA-EFFFB1592242}.Release|iPhoneSimulator.Build.0 = Release|Any CPU
		{BA0E26D5-7558-449D-A4AA-EFFFB1592242}.Release|x64.ActiveCfg = Release|Any CPU
		{BA0E26D5-7558-449D-A4AA-EFFFB1592242}.Release|x64.Build.0 = Release|Any CPU
		{BA0E26D5-7558-449D-A4AA-EFFFB1592242}.Release|x86.ActiveCfg = Release|Any CPU
		{BA0E26D5-7558-449D-A4AA-EFFFB1592242}.Release|x86.Build.0 = Release|Any CPU
		{A870F8C1-09A4-4962-A227-A7E926CE7287}.AppStore|Any CPU.ActiveCfg = Release|Any CPU
		{A870F8C1-09A4-4962-A227-A7E926CE7287}.AppStore|Any CPU.Build.0 = Release|Any CPU
		{A870F8C1-09A4-4962-A227-A7E926CE7287}.AppStore|ARM.ActiveCfg = Release|Any CPU
		{A870F8C1-09A4-4962-A227-A7E926CE7287}.AppStore|ARM.Build.0 = Release|Any CPU
		{A870F8C1-09A4-4962-A227-A7E926CE7287}.AppStore|iPhone.ActiveCfg = Release|Any CPU
		{A870F8C1-09A4-4962-A227-A7E926CE7287}.AppStore|iPhone.Build.0 = Release|Any CPU
		{A870F8C1-09A4-4962-A227-A7E926CE7287}.AppStore|iPhoneSimulator.ActiveCfg = Release|Any CPU
		{A870F8C1-09A4-4962-A227-A7E926CE7287}.AppStore|iPhoneSimulator.Build.0 = Release|Any CPU
		{A870F8C1-09A4-4962-A227-A7E926CE7287}.AppStore|x64.ActiveCfg = Release|Any CPU
		{A870F8C1-09A4-4962-A227-A7E926CE7287}.AppStore|x64.Build.0 = Release|Any CPU
		{A870F8C1-09A4-4962-A227-A7E926CE7287}.AppStore|x86.ActiveCfg = Release|Any CPU
		{A870F8C1-09A4-4962-A227-A7E926CE7287}.AppStore|x86.Build.0 = Release|Any CPU
		{A870F8C1-09A4-4962-A227-A7E926CE7287}.Debug|Any CPU.ActiveCfg = Debug|Any CPU
		{A870F8C1-09A4-4962-A227-A7E926CE7287}.Debug|Any CPU.Build.0 = Debug|Any CPU
		{A870F8C1-09A4-4962-A227-A7E926CE7287}.Debug|ARM.ActiveCfg = Debug|Any CPU
		{A870F8C1-09A4-4962-A227-A7E926CE7287}.Debug|ARM.Build.0 = Debug|Any CPU
		{A870F8C1-09A4-4962-A227-A7E926CE7287}.Debug|iPhone.ActiveCfg = Debug|Any CPU
		{A870F8C1-09A4-4962-A227-A7E926CE7287}.Debug|iPhone.Build.0 = Debug|Any CPU
		{A870F8C1-09A4-4962-A227-A7E926CE7287}.Debug|iPhoneSimulator.ActiveCfg = Debug|Any CPU
		{A870F8C1-09A4-4962-A227-A7E926CE7287}.Debug|iPhoneSimulator.Build.0 = Debug|Any CPU
		{A870F8C1-09A4-4962-A227-A7E926CE7287}.Debug|x64.ActiveCfg = Debug|Any CPU
		{A870F8C1-09A4-4962-A227-A7E926CE7287}.Debug|x64.Build.0 = Debug|Any CPU
		{A870F8C1-09A4-4962-A227-A7E926CE7287}.Debug|x86.ActiveCfg = Debug|Any CPU
		{A870F8C1-09A4-4962-A227-A7E926CE7287}.Debug|x86.Build.0 = Debug|Any CPU
		{A870F8C1-09A4-4962-A227-A7E926CE7287}.Release|Any CPU.ActiveCfg = Release|Any CPU
		{A870F8C1-09A4-4962-A227-A7E926CE7287}.Release|Any CPU.Build.0 = Release|Any CPU
		{A870F8C1-09A4-4962-A227-A7E926CE7287}.Release|ARM.ActiveCfg = Release|Any CPU
		{A870F8C1-09A4-4962-A227-A7E926CE7287}.Release|ARM.Build.0 = Release|Any CPU
		{A870F8C1-09A4-4962-A227-A7E926CE7287}.Release|iPhone.ActiveCfg = Release|Any CPU
		{A870F8C1-09A4-4962-A227-A7E926CE7287}.Release|iPhone.Build.0 = Release|Any CPU
		{A870F8C1-09A4-4962-A227-A7E926CE7287}.Release|iPhoneSimulator.ActiveCfg = Release|Any CPU
		{A870F8C1-09A4-4962-A227-A7E926CE7287}.Release|iPhoneSimulator.Build.0 = Release|Any CPU
		{A870F8C1-09A4-4962-A227-A7E926CE7287}.Release|x64.ActiveCfg = Release|Any CPU
		{A870F8C1-09A4-4962-A227-A7E926CE7287}.Release|x64.Build.0 = Release|Any CPU
		{A870F8C1-09A4-4962-A227-A7E926CE7287}.Release|x86.ActiveCfg = Release|Any CPU
		{A870F8C1-09A4-4962-A227-A7E926CE7287}.Release|x86.Build.0 = Release|Any CPU
		{7594F818-F737-4F2D-A308-75954B3C5627}.AppStore|Any CPU.ActiveCfg = Release|Any CPU
		{7594F818-F737-4F2D-A308-75954B3C5627}.AppStore|Any CPU.Build.0 = Release|Any CPU
		{7594F818-F737-4F2D-A308-75954B3C5627}.AppStore|ARM.ActiveCfg = Release|Any CPU
		{7594F818-F737-4F2D-A308-75954B3C5627}.AppStore|ARM.Build.0 = Release|Any CPU
		{7594F818-F737-4F2D-A308-75954B3C5627}.AppStore|iPhone.ActiveCfg = Release|Any CPU
		{7594F818-F737-4F2D-A308-75954B3C5627}.AppStore|iPhone.Build.0 = Release|Any CPU
		{7594F818-F737-4F2D-A308-75954B3C5627}.AppStore|iPhoneSimulator.ActiveCfg = Release|Any CPU
		{7594F818-F737-4F2D-A308-75954B3C5627}.AppStore|iPhoneSimulator.Build.0 = Release|Any CPU
		{7594F818-F737-4F2D-A308-75954B3C5627}.AppStore|x64.ActiveCfg = Release|Any CPU
		{7594F818-F737-4F2D-A308-75954B3C5627}.AppStore|x64.Build.0 = Release|Any CPU
		{7594F818-F737-4F2D-A308-75954B3C5627}.AppStore|x86.ActiveCfg = Release|Any CPU
		{7594F818-F737-4F2D-A308-75954B3C5627}.AppStore|x86.Build.0 = Release|Any CPU
		{7594F818-F737-4F2D-A308-75954B3C5627}.Debug|Any CPU.ActiveCfg = Debug|Any CPU
		{7594F818-F737-4F2D-A308-75954B3C5627}.Debug|Any CPU.Build.0 = Debug|Any CPU
		{7594F818-F737-4F2D-A308-75954B3C5627}.Debug|ARM.ActiveCfg = Debug|Any CPU
		{7594F818-F737-4F2D-A308-75954B3C5627}.Debug|ARM.Build.0 = Debug|Any CPU
		{7594F818-F737-4F2D-A308-75954B3C5627}.Debug|iPhone.ActiveCfg = Debug|Any CPU
		{7594F818-F737-4F2D-A308-75954B3C5627}.Debug|iPhone.Build.0 = Debug|Any CPU
		{7594F818-F737-4F2D-A308-75954B3C5627}.Debug|iPhoneSimulator.ActiveCfg = Debug|Any CPU
		{7594F818-F737-4F2D-A308-75954B3C5627}.Debug|iPhoneSimulator.Build.0 = Debug|Any CPU
		{7594F818-F737-4F2D-A308-75954B3C5627}.Debug|x64.ActiveCfg = Debug|Any CPU
		{7594F818-F737-4F2D-A308-75954B3C5627}.Debug|x64.Build.0 = Debug|Any CPU
		{7594F818-F737-4F2D-A308-75954B3C5627}.Debug|x86.ActiveCfg = Debug|Any CPU
		{7594F818-F737-4F2D-A308-75954B3C5627}.Debug|x86.Build.0 = Debug|Any CPU
		{7594F818-F737-4F2D-A308-75954B3C5627}.Release|Any CPU.ActiveCfg = Release|Any CPU
		{7594F818-F737-4F2D-A308-75954B3C5627}.Release|Any CPU.Build.0 = Release|Any CPU
		{7594F818-F737-4F2D-A308-75954B3C5627}.Release|ARM.ActiveCfg = Release|Any CPU
		{7594F818-F737-4F2D-A308-75954B3C5627}.Release|ARM.Build.0 = Release|Any CPU
		{7594F818-F737-4F2D-A308-75954B3C5627}.Release|iPhone.ActiveCfg = Release|Any CPU
		{7594F818-F737-4F2D-A308-75954B3C5627}.Release|iPhone.Build.0 = Release|Any CPU
		{7594F818-F737-4F2D-A308-75954B3C5627}.Release|iPhoneSimulator.ActiveCfg = Release|Any CPU
		{7594F818-F737-4F2D-A308-75954B3C5627}.Release|iPhoneSimulator.Build.0 = Release|Any CPU
		{7594F818-F737-4F2D-A308-75954B3C5627}.Release|x64.ActiveCfg = Release|Any CPU
		{7594F818-F737-4F2D-A308-75954B3C5627}.Release|x64.Build.0 = Release|Any CPU
		{7594F818-F737-4F2D-A308-75954B3C5627}.Release|x86.ActiveCfg = Release|Any CPU
		{7594F818-F737-4F2D-A308-75954B3C5627}.Release|x86.Build.0 = Release|Any CPU
	EndGlobalSection
	GlobalSection(SolutionProperties) = preSolution
		HideSolutionNode = FALSE
	EndGlobalSection
	GlobalSection(NestedProjects) = preSolution
		{C49B8F65-071A-4A7B-98CE-A1B78C9FA881} = {1DB8B99F-1386-4D7E-AF43-E61EBB940E5F}
		{AD883D4D-1201-4C99-A197-7C7E3B3E61DC} = {754FF381-5AD4-43DA-BE37-4E6034D10CF5}
		{6C7B0973-25B8-44C1-8304-07C3C51DA1A4} = {B5BD5F9E-FBF5-475C-94AC-8BDAB0A31591}
		{6551E48A-2A1F-4525-99B0-F7D6E10E9C64} = {B5BD5F9E-FBF5-475C-94AC-8BDAB0A31591}
		{9F54F22A-D7C8-49D8-9D35-4DDDEEFA33C6} = {754FF381-5AD4-43DA-BE37-4E6034D10CF5}
		{A870F8C1-09A4-4962-A227-A7E926CE7287} = {1DB8B99F-1386-4D7E-AF43-E61EBB940E5F}
	EndGlobalSection
EndGlobal
